
Microsoft Visual Studio Solution File, Format Version 12.00
# Visual Studio Version 17
VisualStudioVersion = 17.6.33815.320
MinimumVisualStudioVersion = 10.0.40219.1
Project("{9A19103F-16F7-4668-BE54-9A1E7A4F7556}") = "DealeronTest", "DealeronTest\DealeronTest.csproj", "{06223421-C6E6-458C-AC58-340311721EEF}"
EndProject
Project("{FAE04EC0-301F-11D3-BF4B-00C04F79EFBC}") = "DealeronTestTests", "DealeronTestTests\DealeronTestTests.csproj", "{60C0C2FB-4639-4C3C-8137-DF808A1865EA}"
EndProject
Global
	GlobalSection(SolutionConfigurationPlatforms) = preSolution
		Debug|Any CPU = Debug|Any CPU
		Release|Any CPU = Release|Any CPU
	EndGlobalSection
	GlobalSection(ProjectConfigurationPlatforms) = postSolution
		{06223421-C6E6-458C-AC58-340311721EEF}.Debug|Any CPU.ActiveCfg = Debug|Any CPU
		{06223421-C6E6-458C-AC58-340311721EEF}.Debug|Any CPU.Build.0 = Debug|Any CPU
		{06223421-C6E6-458C-AC58-340311721EEF}.Release|Any CPU.ActiveCfg = Release|Any CPU
		{06223421-C6E6-458C-AC58-340311721EEF}.Release|Any CPU.Build.0 = Release|Any CPU
		{60C0C2FB-4639-4C3C-8137-DF808A1865EA}.Debug|Any CPU.ActiveCfg = Debug|Any CPU
		{60C0C2FB-4639-4C3C-8137-DF808A1865EA}.Debug|Any CPU.Build.0 = Debug|Any CPU
		{60C0C2FB-4639-4C3C-8137-DF808A1865EA}.Release|Any CPU.ActiveCfg = Release|Any CPU
		{60C0C2FB-4639-4C3C-8137-DF808A1865EA}.Release|Any CPU.Build.0 = Release|Any CPU
	EndGlobalSection
	GlobalSection(SolutionProperties) = preSolution
		HideSolutionNode = FALSE
	EndGlobalSection
	GlobalSection(ExtensibilityGlobals) = postSolution
		SolutionGuid = {F81B9DAB-4188-4C6F-A4C6-3342C323D004}
	EndGlobalSection
EndGlobal
